// !$*UTF8*$!
{
	archiveVersion = 1;
	classes = {
	};
	objectVersion = 50;
	objects = {

/* Begin PBXBuildFile section */
		4D0E7CBD20F701860067A8D4 /* DrawingScreenModel.m in Sources */ = {isa = PBXBuildFile; fileRef = 4D0E7CBC20F701860067A8D4 /* DrawingScreenModel.m */; };
		4D2E4F1C20F37AFE00623B3C /* AppDelegate.m in Sources */ = {isa = PBXBuildFile; fileRef = 4D2E4F1B20F37AFE00623B3C /* AppDelegate.m */; };
		4D2E4F2220F37AFF00623B3C /* Main.storyboard in Resources */ = {isa = PBXBuildFile; fileRef = 4D2E4F2020F37AFF00623B3C /* Main.storyboard */; };
		4D2E4F2520F37AFF00623B3C /* PicDrawer.xcdatamodeld in Sources */ = {isa = PBXBuildFile; fileRef = 4D2E4F2320F37AFF00623B3C /* PicDrawer.xcdatamodeld */; };
		4D2E4F2720F37B0C00623B3C /* Assets.xcassets in Resources */ = {isa = PBXBuildFile; fileRef = 4D2E4F2620F37B0C00623B3C /* Assets.xcassets */; };
		4D2E4F2A20F37B0C00623B3C /* LaunchScreen.storyboard in Resources */ = {isa = PBXBuildFile; fileRef = 4D2E4F2820F37B0C00623B3C /* LaunchScreen.storyboard */; };
		4D2E4F2D20F37B0C00623B3C /* main.m in Sources */ = {isa = PBXBuildFile; fileRef = 4D2E4F2C20F37B0C00623B3C /* main.m */; };
		4D55C49920F4B32F00FECF7A /* DrawingScreenViewController.m in Sources */ = {isa = PBXBuildFile; fileRef = 4D55C49820F4B32F00FECF7A /* DrawingScreenViewController.m */; };
		4D55C49D20F4B39000FECF7A /* HistroyScreenCollectionViewController.m in Sources */ = {isa = PBXBuildFile; fileRef = 4D55C49C20F4B39000FECF7A /* HistroyScreenCollectionViewController.m */; };
		4D55C4A220F4B62F00FECF7A /* DrawingScreenViewController+DrawingScreenViewController_TouchFunctions.m in Sources */ = {isa = PBXBuildFile; fileRef = 4D55C4A120F4B62F00FECF7A /* DrawingScreenViewController+DrawingScreenViewController_TouchFunctions.m */; };
		4D55C4A520F51A9900FECF7A /* SettingsTableViewController.m in Sources */ = {isa = PBXBuildFile; fileRef = 4D55C4A420F51A9900FECF7A /* SettingsTableViewController.m */; };
/* End PBXBuildFile section */

/* Begin PBXFileReference section */
		4D0E7CBB20F701860067A8D4 /* DrawingScreenModel.h */ = {isa = PBXFileReference; lastKnownFileType = sourcecode.c.h; path = DrawingScreenModel.h; sourceTree = "<group>"; };
		4D0E7CBC20F701860067A8D4 /* DrawingScreenModel.m */ = {isa = PBXFileReference; lastKnownFileType = sourcecode.c.objc; path = DrawingScreenModel.m; sourceTree = "<group>"; };
		4D2E4F1720F37AFE00623B3C /* PicDrawer.app */ = {isa = PBXFileReference; explicitFileType = wrapper.application; includeInIndex = 0; path = PicDrawer.app; sourceTree = BUILT_PRODUCTS_DIR; };
		4D2E4F1A20F37AFE00623B3C /* AppDelegate.h */ = {isa = PBXFileReference; lastKnownFileType = sourcecode.c.h; path = AppDelegate.h; sourceTree = "<group>"; };
		4D2E4F1B20F37AFE00623B3C /* AppDelegate.m */ = {isa = PBXFileReference; lastKnownFileType = sourcecode.c.objc; path = AppDelegate.m; sourceTree = "<group>"; };
		4D2E4F2120F37AFF00623B3C /* Base */ = {isa = PBXFileReference; lastKnownFileType = file.storyboard; name = Base; path = Base.lproj/Main.storyboard; sourceTree = "<group>"; };
		4D2E4F2420F37AFF00623B3C /* PicDrawer.xcdatamodel */ = {isa = PBXFileReference; lastKnownFileType = wrapper.xcdatamodel; path = PicDrawer.xcdatamodel; sourceTree = "<group>"; };
		4D2E4F2620F37B0C00623B3C /* Assets.xcassets */ = {isa = PBXFileReference; lastKnownFileType = folder.assetcatalog; path = Assets.xcassets; sourceTree = "<group>"; };
		4D2E4F2920F37B0C00623B3C /* Base */ = {isa = PBXFileReference; lastKnownFileType = file.storyboard; name = Base; path = Base.lproj/LaunchScreen.storyboard; sourceTree = "<group>"; };
		4D2E4F2B20F37B0C00623B3C /* Info.plist */ = {isa = PBXFileReference; lastKnownFileType = text.plist.xml; path = Info.plist; sourceTree = "<group>"; };
		4D2E4F2C20F37B0C00623B3C /* main.m */ = {isa = PBXFileReference; lastKnownFileType = sourcecode.c.objc; path = main.m; sourceTree = "<group>"; };
		4D55C49720F4B32F00FECF7A /* DrawingScreenViewController.h */ = {isa = PBXFileReference; lastKnownFileType = sourcecode.c.h; path = DrawingScreenViewController.h; sourceTree = "<group>"; };
		4D55C49820F4B32F00FECF7A /* DrawingScreenViewController.m */ = {isa = PBXFileReference; lastKnownFileType = sourcecode.c.objc; path = DrawingScreenViewController.m; sourceTree = "<group>"; };
		4D55C49B20F4B39000FECF7A /* HistroyScreenCollectionViewController.h */ = {isa = PBXFileReference; lastKnownFileType = sourcecode.c.h; path = HistroyScreenCollectionViewController.h; sourceTree = "<group>"; };
		4D55C49C20F4B39000FECF7A /* HistroyScreenCollectionViewController.m */ = {isa = PBXFileReference; lastKnownFileType = sourcecode.c.objc; path = HistroyScreenCollectionViewController.m; sourceTree = "<group>"; };
		4D55C4A020F4B62F00FECF7A /* DrawingScreenViewController+DrawingScreenViewController_TouchFunctions.h */ = {isa = PBXFileReference; lastKnownFileType = sourcecode.c.h; path = "DrawingScreenViewController+DrawingScreenViewController_TouchFunctions.h"; sourceTree = "<group>"; };
		4D55C4A120F4B62F00FECF7A /* DrawingScreenViewController+DrawingScreenViewController_TouchFunctions.m */ = {isa = PBXFileReference; lastKnownFileType = sourcecode.c.objc; path = "DrawingScreenViewController+DrawingScreenViewController_TouchFunctions.m"; sourceTree = "<group>"; };
		4D55C4A320F51A9900FECF7A /* SettingsTableViewController.h */ = {isa = PBXFileReference; lastKnownFileType = sourcecode.c.h; path = SettingsTableViewController.h; sourceTree = "<group>"; };
		4D55C4A420F51A9900FECF7A /* SettingsTableViewController.m */ = {isa = PBXFileReference; lastKnownFileType = sourcecode.c.objc; path = SettingsTableViewController.m; sourceTree = "<group>"; };
/* End PBXFileReference section */

/* Begin PBXFrameworksBuildPhase section */
		4D2E4F1420F37AFE00623B3C /* Frameworks */ = {
			isa = PBXFrameworksBuildPhase;
			buildActionMask = 2147483647;
			files = (
			);
			runOnlyForDeploymentPostprocessing = 0;
		};
/* End PBXFrameworksBuildPhase section */

/* Begin PBXGroup section */
		4D0E7CBA20F7011B0067A8D4 /* Model */ = {
			isa = PBXGroup;
			children = (
				4D0E7CBB20F701860067A8D4 /* DrawingScreenModel.h */,
				4D0E7CBC20F701860067A8D4 /* DrawingScreenModel.m */,
			);
			path = Model;
			sourceTree = "<group>";
		};
		4D2E4F0E20F37AFE00623B3C = {
			isa = PBXGroup;
			children = (
				4D2E4F1920F37AFE00623B3C /* PicDrawer */,
				4D2E4F1820F37AFE00623B3C /* Products */,
			);
			sourceTree = "<group>";
		};
		4D2E4F1820F37AFE00623B3C /* Products */ = {
			isa = PBXGroup;
			children = (
				4D2E4F1720F37AFE00623B3C /* PicDrawer.app */,
			);
			name = Products;
			sourceTree = "<group>";
		};
		4D2E4F1920F37AFE00623B3C /* PicDrawer */ = {
			isa = PBXGroup;
			children = (
				4D2E4F2B20F37B0C00623B3C /* Info.plist */,
				4D55C49320F4B24F00FECF7A /* SupportingFiles */,
				4D55C49220F4B20C00FECF7A /* Screens */,
				4D55C49120F4B1DE00FECF7A /* Storyboards */,
			);
			path = PicDrawer;
			sourceTree = "<group>";
		};
		4D55C49120F4B1DE00FECF7A /* Storyboards */ = {
			isa = PBXGroup;
			children = (
				4D2E4F2020F37AFF00623B3C /* Main.storyboard */,
				4D2E4F2820F37B0C00623B3C /* LaunchScreen.storyboard */,
			);
			path = Storyboards;
			sourceTree = "<group>";
		};
		4D55C49220F4B20C00FECF7A /* Screens */ = {
			isa = PBXGroup;
			children = (
				4D55C49E20F4B39C00FECF7A /* SettingsScreen */,
				4D55C49420F4B29B00FECF7A /* DrawingScreen */,
				4D55C49520F4B2BE00FECF7A /* HistoryScreen */,
			);
			path = Screens;
			sourceTree = "<group>";
		};
		4D55C49320F4B24F00FECF7A /* SupportingFiles */ = {
			isa = PBXGroup;
			children = (
				4D2E4F1A20F37AFE00623B3C /* AppDelegate.h */,
				4D2E4F1B20F37AFE00623B3C /* AppDelegate.m */,
				4D2E4F2620F37B0C00623B3C /* Assets.xcassets */,
				4D2E4F2C20F37B0C00623B3C /* main.m */,
				4D2E4F2320F37AFF00623B3C /* PicDrawer.xcdatamodeld */,
			);
			path = SupportingFiles;
			sourceTree = "<group>";
		};
		4D55C49420F4B29B00FECF7A /* DrawingScreen */ = {
			isa = PBXGroup;
			children = (
				4D0E7CBA20F7011B0067A8D4 /* Model */,
				4D55C49620F4B2D100FECF7A /* ViewControllers */,
			);
			path = DrawingScreen;
			sourceTree = "<group>";
		};
		4D55C49520F4B2BE00FECF7A /* HistoryScreen */ = {
			isa = PBXGroup;
			children = (
				4D55C49A20F4B34B00FECF7A /* ViewControllers */,
			);
			path = HistoryScreen;
			sourceTree = "<group>";
		};
		4D55C49620F4B2D100FECF7A /* ViewControllers */ = {
			isa = PBXGroup;
			children = (
				4D55C49720F4B32F00FECF7A /* DrawingScreenViewController.h */,
				4D55C49820F4B32F00FECF7A /* DrawingScreenViewController.m */,
				4D55C4A020F4B62F00FECF7A /* DrawingScreenViewController+DrawingScreenViewController_TouchFunctions.h */,
				4D55C4A120F4B62F00FECF7A /* DrawingScreenViewController+DrawingScreenViewController_TouchFunctions.m */,
			);
			path = ViewControllers;
			sourceTree = "<group>";
		};
		4D55C49A20F4B34B00FECF7A /* ViewControllers */ = {
			isa = PBXGroup;
			children = (
				4D55C49B20F4B39000FECF7A /* HistroyScreenCollectionViewController.h */,
				4D55C49C20F4B39000FECF7A /* HistroyScreenCollectionViewController.m */,
			);
			path = ViewControllers;
			sourceTree = "<group>";
		};
		4D55C49E20F4B39C00FECF7A /* SettingsScreen */ = {
			isa = PBXGroup;
			children = (
				4D55C49F20F4B3B500FECF7A /* ViewControllers */,
			);
			path = SettingsScreen;
			sourceTree = "<group>";
		};
		4D55C49F20F4B3B500FECF7A /* ViewControllers */ = {
			isa = PBXGroup;
			children = (
				4D55C4A320F51A9900FECF7A /* SettingsTableViewController.h */,
				4D55C4A420F51A9900FECF7A /* SettingsTableViewController.m */,
			);
			path = ViewControllers;
			sourceTree = "<group>";
		};
/* End PBXGroup section */

/* Begin PBXNativeTarget section */
		4D2E4F1620F37AFE00623B3C /* PicDrawer */ = {
			isa = PBXNativeTarget;
			buildConfigurationList = 4D2E4F3020F37B0C00623B3C /* Build configuration list for PBXNativeTarget "PicDrawer" */;
			buildPhases = (
				4D2E4F1320F37AFE00623B3C /* Sources */,
				4D2E4F1420F37AFE00623B3C /* Frameworks */,
				4D2E4F1520F37AFE00623B3C /* Resources */,
			);
			buildRules = (
			);
			dependencies = (
			);
			name = PicDrawer;
			productName = PicDrawer;
			productReference = 4D2E4F1720F37AFE00623B3C /* PicDrawer.app */;
			productType = "com.apple.product-type.application";
		};
/* End PBXNativeTarget section */

/* Begin PBXProject section */
		4D2E4F0F20F37AFE00623B3C /* Project object */ = {
			isa = PBXProject;
			attributes = {
				LastUpgradeCheck = 0930;
				ORGANIZATIONNAME = Mark;
				TargetAttributes = {
					4D2E4F1620F37AFE00623B3C = {
						CreatedOnToolsVersion = 9.3;
					};
				};
			};
			buildConfigurationList = 4D2E4F1220F37AFE00623B3C /* Build configuration list for PBXProject "PicDrawer" */;
			compatibilityVersion = "Xcode 9.3";
			developmentRegion = en;
			hasScannedForEncodings = 0;
			knownRegions = (
				en,
				Base,
			);
			mainGroup = 4D2E4F0E20F37AFE00623B3C;
			productRefGroup = 4D2E4F1820F37AFE00623B3C /* Products */;
			projectDirPath = "";
			projectRoot = "";
			targets = (
				4D2E4F1620F37AFE00623B3C /* PicDrawer */,
			);
		};
/* End PBXProject section */

/* Begin PBXResourcesBuildPhase section */
		4D2E4F1520F37AFE00623B3C /* Resources */ = {
			isa = PBXResourcesBuildPhase;
			buildActionMask = 2147483647;
			files = (
				4D2E4F2A20F37B0C00623B3C /* LaunchScreen.storyboard in Resources */,
				4D2E4F2720F37B0C00623B3C /* Assets.xcassets in Resources */,
				4D2E4F2220F37AFF00623B3C /* Main.storyboard in Resources */,
			);
			runOnlyForDeploymentPostprocessing = 0;
		};
/* End PBXResourcesBuildPhase section */

/* Begin PBXSourcesBuildPhase section */
		4D2E4F1320F37AFE00623B3C /* Sources */ = {
			isa = PBXSourcesBuildPhase;
			buildActionMask = 2147483647;
			files = (
				4D55C4A520F51A9900FECF7A /* SettingsTableViewController.m in Sources */,
				4D2E4F1C20F37AFE00623B3C /* AppDelegate.m in Sources */,
				4D2E4F2D20F37B0C00623B3C /* main.m in Sources */,
				4D2E4F2520F37AFF00623B3C /* PicDrawer.xcdatamodeld in Sources */,
				4D0E7CBD20F701860067A8D4 /* DrawingScreenModel.m in Sources */,
				4D55C4A220F4B62F00FECF7A /* DrawingScreenViewController+DrawingScreenViewController_TouchFunctions.m in Sources */,
				4D55C49920F4B32F00FECF7A /* DrawingScreenViewController.m in Sources */,
				4D55C49D20F4B39000FECF7A /* HistroyScreenCollectionViewController.m in Sources */,
			);
			runOnlyForDeploymentPostprocessing = 0;
		};
/* End PBXSourcesBuildPhase section */

/* Begin PBXVariantGroup section */
		4D2E4F2020F37AFF00623B3C /* Main.storyboard */ = {
			isa = PBXVariantGroup;
			children = (
				4D2E4F2120F37AFF00623B3C /* Base */,
			);
			name = Main.storyboard;
			sourceTree = "<group>";
		};
		4D2E4F2820F37B0C00623B3C /* LaunchScreen.storyboard */ = {
			isa = PBXVariantGroup;
			children = (
				4D2E4F2920F37B0C00623B3C /* Base */,
			);
			name = LaunchScreen.storyboard;
			sourceTree = "<group>";
		};
/* End PBXVariantGroup section */

/* Begin XCBuildConfiguration section */
		4D2E4F2E20F37B0C00623B3C /* Debug */ = {
			isa = XCBuildConfiguration;
			buildSettings = {
				ALWAYS_SEARCH_USER_PATHS = NO;
				CLANG_ANALYZER_NONNULL = YES;
				CLANG_ANALYZER_NUMBER_OBJECT_CONVERSION = YES_AGGRESSIVE;
				CLANG_CXX_LANGUAGE_STANDARD = "gnu++14";
				CLANG_CXX_LIBRARY = "libc++";
				CLANG_ENABLE_MODULES = YES;
				CLANG_ENABLE_OBJC_ARC = YES;
				CLANG_ENABLE_OBJC_WEAK = YES;
				CLANG_WARN_BLOCK_CAPTURE_AUTORELEASING = YES;
				CLANG_WARN_BOOL_CONVERSION = YES;
				CLANG_WARN_COMMA = YES;
				CLANG_WARN_CONSTANT_CONVERSION = YES;
				CLANG_WARN_DEPRECATED_OBJC_IMPLEMENTATIONS = YES;
				CLANG_WARN_DIRECT_OBJC_ISA_USAGE = YES_ERROR;
				CLANG_WARN_DOCUMENTATION_COMMENTS = YES;
				CLANG_WARN_EMPTY_BODY = YES;
				CLANG_WARN_ENUM_CONVERSION = YES;
				CLANG_WARN_INFINITE_RECURSION = YES;
				CLANG_WARN_INT_CONVERSION = YES;
				CLANG_WARN_NON_LITERAL_NULL_CONVERSION = YES;
				CLANG_WARN_OBJC_IMPLICIT_RETAIN_SELF = YES;
				CLANG_WARN_OBJC_LITERAL_CONVERSION = YES;
				CLANG_WARN_OBJC_ROOT_CLASS = YES_ERROR;
				CLANG_WARN_RANGE_LOOP_ANALYSIS = YES;
				CLANG_WARN_STRICT_PROTOTYPES = YES;
				CLANG_WARN_SUSPICIOUS_MOVE = YES;
				CLANG_WARN_UNGUARDED_AVAILABILITY = YES_AGGRESSIVE;
				CLANG_WARN_UNREACHABLE_CODE = YES;
				CLANG_WARN__DUPLICATE_METHOD_MATCH = YES;
				CODE_SIGN_IDENTITY = "iPhone Developer";
				COPY_PHASE_STRIP = NO;
				DEBUG_INFORMATION_FORMAT = dwarf;
				ENABLE_STRICT_OBJC_MSGSEND = YES;
				ENABLE_TESTABILITY = YES;
				GCC_C_LANGUAGE_STANDARD = gnu11;
				GCC_DYNAMIC_NO_PIC = NO;
				GCC_NO_COMMON_BLOCKS = YES;
				GCC_OPTIMIZATION_LEVEL = 0;
				GCC_PREPROCESSOR_DEFINITIONS = (
					"DEBUG=1",
					"$(inherited)",
				);
				GCC_WARN_64_TO_32_BIT_CONVERSION = YES;
				GCC_WARN_ABOUT_RETURN_TYPE = YES_ERROR;
				GCC_WARN_UNDECLARED_SELECTOR = YES;
				GCC_WARN_UNINITIALIZED_AUTOS = YES_AGGRESSIVE;
				GCC_WARN_UNUSED_FUNCTION = YES;
				GCC_WARN_UNUSED_VARIABLE = YES;
				IPHONEOS_DEPLOYMENT_TARGET = 11.3;
				MTL_ENABLE_DEBUG_INFO = YES;
				ONLY_ACTIVE_ARCH = YES;
				SDKROOT = iphoneos;
			};
			name = Debug;
		};
		4D2E4F2F20F37B0C00623B3C /* Release */ = {
			isa = XCBuildConfiguration;
			buildSettings = {
				ALWAYS_SEARCH_USER_PATHS = NO;
				CLANG_ANALYZER_NONNULL = YES;
				CLANG_ANALYZER_NUMBER_OBJECT_CONVERSION = YES_AGGRESSIVE;
				CLANG_CXX_LANGUAGE_STANDARD = "gnu++14";
				CLANG_CXX_LIBRARY = "libc++";
				CLANG_ENABLE_MODULES = YES;
				CLANG_ENABLE_OBJC_ARC = YES;
				CLANG_ENABLE_OBJC_WEAK = YES;
				CLANG_WARN_BLOCK_CAPTURE_AUTORELEASING = YES;
				CLANG_WARN_BOOL_CONVERSION = YES;
				CLANG_WARN_COMMA = YES;
				CLANG_WARN_CONSTANT_CONVERSION = YES;
				CLANG_WARN_DEPRECATED_OBJC_IMPLEMENTATIONS = YES;
				CLANG_WARN_DIRECT_OBJC_ISA_USAGE = YES_ERROR;
				CLANG_WARN_DOCUMENTATION_COMMENTS = YES;
				CLANG_WARN_EMPTY_BODY = YES;
				CLANG_WARN_ENUM_CONVERSION = YES;
				CLANG_WARN_INFINITE_RECURSION = YES;
				CLANG_WARN_INT_CONVERSION = YES;
				CLANG_WARN_NON_LITERAL_NULL_CONVERSION = YES;
				CLANG_WARN_OBJC_IMPLICIT_RETAIN_SELF = YES;
				CLANG_WARN_OBJC_LITERAL_CONVERSION = YES;
				CLANG_WARN_OBJC_ROOT_CLASS = YES_ERROR;
				CLANG_WARN_RANGE_LOOP_ANALYSIS = YES;
				CLANG_WARN_STRICT_PROTOTYPES = YES;
				CLANG_WARN_SUSPICIOUS_MOVE = YES;
				CLANG_WARN_UNGUARDED_AVAILABILITY = YES_AGGRESSIVE;
				CLANG_WARN_UNREACHABLE_CODE = YES;
				CLANG_WARN__DUPLICATE_METHOD_MATCH = YES;
				CODE_SIGN_IDENTITY = "iPhone Developer";
				COPY_PHASE_STRIP = NO;
				DEBUG_INFORMATION_FORMAT = "dwarf-with-dsym";
				ENABLE_NS_ASSERTIONS = NO;
				ENABLE_STRICT_OBJC_MSGSEND = YES;
				GCC_C_LANGUAGE_STANDARD = gnu11;
				GCC_NO_COMMON_BLOCKS = YES;
				GCC_WARN_64_TO_32_BIT_CONVERSION = YES;
				GCC_WARN_ABOUT_RETURN_TYPE = YES_ERROR;
				GCC_WARN_UNDECLARED_SELECTOR = YES;
				GCC_WARN_UNINITIALIZED_AUTOS = YES_AGGRESSIVE;
				GCC_WARN_UNUSED_FUNCTION = YES;
				GCC_WARN_UNUSED_VARIABLE = YES;
				IPHONEOS_DEPLOYMENT_TARGET = 11.3;
				MTL_ENABLE_DEBUG_INFO = NO;
				SDKROOT = iphoneos;
				VALIDATE_PRODUCT = YES;
			};
			name = Release;
		};
		4D2E4F3120F37B0C00623B3C /* Debug */ = {
			isa = XCBuildConfiguration;
			buildSettings = {
				ASSETCATALOG_COMPILER_APPICON_NAME = AppIcon;
				CODE_SIGN_STYLE = Automatic;
				INFOPLIST_FILE = PicDrawer/Info.plist;
				LD_RUNPATH_SEARCH_PATHS = (
					"$(inherited)",
					"@executable_path/Frameworks",
				);
				PRODUCT_BUNDLE_IDENTIFIER = mark.PicDrawer;
				PRODUCT_NAME = "$(TARGET_NAME)";
				TARGETED_DEVICE_FAMILY = "1,2";
			};
			name = Debug;
		};
		4D2E4F3220F37B0C00623B3C /* Release */ = {
			isa = XCBuildConfiguration;
			buildSettings = {
				ASSETCATALOG_COMPILER_APPICON_NAME = AppIcon;
				CODE_SIGN_STYLE = Automatic;
				INFOPLIST_FILE = PicDrawer/Info.plist;
				LD_RUNPATH_SEARCH_PATHS = (
					"$(inherited)",
					"@executable_path/Frameworks",
				);
				PRODUCT_BUNDLE_IDENTIFIER = mark.PicDrawer;
				PRODUCT_NAME = "$(TARGET_NAME)";
				TARGETED_DEVICE_FAMILY = "1,2";
			};
			name = Release;
		};
/* End XCBuildConfiguration section */

/* Begin XCConfigurationList section */
		4D2E4F1220F37AFE00623B3C /* Build configuration list for PBXProject "PicDrawer" */ = {
			isa = XCConfigurationList;
			buildConfigurations = (
				4D2E4F2E20F37B0C00623B3C /* Debug */,
				4D2E4F2F20F37B0C00623B3C /* Release */,
			);
			defaultConfigurationIsVisible = 0;
			defaultConfigurationName = Release;
		};
		4D2E4F3020F37B0C00623B3C /* Build configuration list for PBXNativeTarget "PicDrawer" */ = {
			isa = XCConfigurationList;
			buildConfigurations = (
				4D2E4F3120F37B0C00623B3C /* Debug */,
				4D2E4F3220F37B0C00623B3C /* Release */,
			);
			defaultConfigurationIsVisible = 0;
			defaultConfigurationName = Release;
		};
/* End XCConfigurationList section */

/* Begin XCVersionGroup section */
		4D2E4F2320F37AFF00623B3C /* PicDrawer.xcdatamodeld */ = {
			isa = XCVersionGroup;
			children = (
				4D2E4F2420F37AFF00623B3C /* PicDrawer.xcdatamodel */,
			);
			currentVersion = 4D2E4F2420F37AFF00623B3C /* PicDrawer.xcdatamodel */;
			path = PicDrawer.xcdatamodeld;
			sourceTree = "<group>";
			versionGroupType = wrapper.xcdatamodel;
		};
/* End XCVersionGroup section */
	};
	rootObject = 4D2E4F0F20F37AFE00623B3C /* Project object */;
}
